
Microsoft Visual Studio Solution File, Format Version 12.00
# Visual Studio Version 17
VisualStudioVersion = 17.5.33414.496
MinimumVisualStudioVersion = 10.0.40219.1
Project("{FAE04EC0-301F-11D3-BF4B-00C04F79EFBC}") = "TestProject2.UnitTests", "TestProject2.UnitTests\TestProject2.UnitTests.csproj", "{57D84259-4D16-4CA8-B18E-EDE2F8E23A82}"
EndProject
Project("{FAE04EC0-301F-11D3-BF4B-00C04F79EFBC}") = "TestProject2", "..\TestProject2\TestProject2\TestProject2.csproj", "{4CF765C1-2CB3-46B4-95ED-BB7AA9188548}"
EndProject
Global
	GlobalSection(SolutionConfigurationPlatforms) = preSolution
		Debug|Any CPU = Debug|Any CPU
		Release|Any CPU = Release|Any CPU
	EndGlobalSection
	GlobalSection(ProjectConfigurationPlatforms) = postSolution
		{57D84259-4D16-4CA8-B18E-EDE2F8E23A82}.Debug|Any CPU.ActiveCfg = Debug|Any CPU
		{57D84259-4D16-4CA8-B18E-EDE2F8E23A82}.Debug|Any CPU.Build.0 = Debug|Any CPU
		{57D84259-4D16-4CA8-B18E-EDE2F8E23A82}.Release|Any CPU.ActiveCfg = Release|Any CPU
		{57D84259-4D16-4CA8-B18E-EDE2F8E23A82}.Release|Any CPU.Build.0 = Release|Any CPU
		{4CF765C1-2CB3-46B4-95ED-BB7AA9188548}.Debug|Any CPU.ActiveCfg = Debug|Any CPU
		{4CF765C1-2CB3-46B4-95ED-BB7AA9188548}.Debug|Any CPU.Build.0 = Debug|Any CPU
		{4CF765C1-2CB3-46B4-95ED-BB7AA9188548}.Release|Any CPU.ActiveCfg = Release|Any CPU
		{4CF765C1-2CB3-46B4-95ED-BB7AA9188548}.Release|Any CPU.Build.0 = Release|Any CPU
	EndGlobalSection
	GlobalSection(SolutionProperties) = preSolution
		HideSolutionNode = FALSE
	EndGlobalSection
	GlobalSection(ExtensibilityGlobals) = postSolution
		SolutionGuid = {74014426-742B-4C16-9D41-25E4078AE5E4}
	EndGlobalSection
EndGlobal
